github.com/fsnotify/fsnotify v1.10.1 h1:b0/UzAf9yR5rhf3RPm9gf3ehBPpf0oZKIjtpKrx59Ho=
github.com/fsnotify/fsnotify v1.10.1/go.mod h1:TLheqan6HD6GBK6PrDWyDPBaEV8LspOxvPSjC+bVfgo=
github.com/goccy/go-yaml v1.19.2 h1:PmFC1S6h8ljIz6gMRBopkjP1TVT7xuwrButHID66PoM=
github.com/goccy/go-yaml v1.19.2/go.mod h1:XBurs7gK8ATbW4ZPGKgcbrY1Br56PdM69F7LkFRi1kA=
github.com/goplus/cobra v1.10.7 h1:pdMf0tzzAQn8941Ac1m78SSeTMQaSKihy/ipvANbLnc=
github.com/goplus/cobra v1.10.7/go.mod h1:p4LhfNJDKEpiGjGiNn0crUXL5dUPA5DX2ztYpEJR34E=
github.com/goplus/gogen v1.23.0-pre.3.0.20260521054245-6cb1c229ef46 h1:LFDRVt3fH2e0wi1C/oRFwg0+ujfEN3YsArT2ZvK1hls=
github.com/goplus/gogen v1.23.0-pre.3.0.20260521054245-6cb1c229ef46/go.mod h1:Y7ulYW3wonQ3d9er00b0uGFEV/IUZa6okWJZh892ACQ=
github.com/goplus/lib v0.3.1 h1:Xws4DBVvgOMu58awqB972wtvTacDbk3nqcbHjdx9KSg=
github.com/goplus/lib v0.3.1/go.mod h1:SgJv3oPqLLHCu0gcL46ejOP3x7/2ry2Jtxu7ta32kp0=
github.com/goplus/mod v0.20.2 h1:YX72E6AhhRLvlkVnI9cBK6PZvUwtge2hwROh7w9N6Yk=
github.com/goplus/mod v0.20.2/go.mod h1:lWW62tH7L3Vm42Lr6wlUMYHvsm5w3TkEpE2ulKTgmU8=
github.com/qiniu/x v1.17.0 h1:OsyDKXzYp5vw9Hc7VAe4Cso1Sp50fLKGsBuDteyTevE=
github.com/qiniu/x v1.17.0/go.mod h1:AiovSOCaRijaf3fj+0CBOpR1457pn24b0Vdb1JpwhII=
golang.org/x/mod v0.20.0 h1:utOm6MM3R3dnawAiJgn0y+xvuYRsm1RKM/4giyfDgV0=
golang.org/x/mod v0.20.0/go.mod h1:hTbmBsO62+eylJbnUtE2MGJUyE7QWk4xUqPFrRgJ+7c=
golang.org/x/net v0.55.0 h1:bcvxaJn3e1U6InsFWt1JUq1aSjnRxLzT2rtD2KfkDF8=
golang.org/x/net v0.55.0/go.mod h1:L5U2KuzuOe1lY7Z+aWVIKK6qEeJXnXV9yzGA+WCHJww=
golang.org/x/sys v0.45.0 h1:dO4czNzziLiiXplLQgBCEpCvXQ3dnkn0SdaZSYdQ+FY=
golang.org/x/sys v0.45.0/go.mod h1:4GL1E5IUh+htKOUEOaiffhrAeqysfVGipDYzABqnCmw=
